
Microsoft Visual Studio Solution File, Format Version 12.00
# Visual Studio Version 17
VisualStudioVersion = 17.3.32825.248
MinimumVisualStudioVersion = 10.0.40219.1
Project("{FAE04EC0-301F-11D3-BF4B-00C04F79EFBC}") = "SixShop", "SixShop\SixShop.csproj", "{9AD5F8E8-9787-409D-9B98-D928E16D40E3}"
EndProject
Global
	GlobalSection(SolutionConfigurationPlatforms) = preSolution
		Debug|Any CPU = Debug|Any CPU
		Release|Any CPU = Release|Any CPU
	EndGlobalSection
	GlobalSection(ProjectConfigurationPlatforms) = postSolution
		{9AD5F8E8-9787-409D-9B98-D928E16D40E3}.Debug|Any CPU.ActiveCfg = Debug|Any CPU
		{9AD5F8E8-9787-409D-9B98-D928E16D40E3}.Debug|Any CPU.Build.0 = Debug|Any CPU
		{9AD5F8E8-9787-409D-9B98-D928E16D40E3}.Release|Any CPU.ActiveCfg = Release|Any CPU
		{9AD5F8E8-9787-409D-9B98-D928E16D40E3}.Release|Any CPU.Build.0 = Release|Any CPU
	EndGlobalSection
	GlobalSection(SolutionProperties) = preSolution
		HideSolutionNode = FALSE
	EndGlobalSection
	GlobalSection(ExtensibilityGlobals) = postSolution
		SolutionGuid = {36278DB4-1620-4553-B92C-026FBD337607}
	EndGlobalSection
EndGlobal
